
Microsoft Visual Studio Solution File, Format Version 12.00
# Visual Studio Version 16
VisualStudioVersion = 16.0.29613.14
MinimumVisualStudioVersion = 10.0.40219.1
Project("{FAE04EC0-301F-11D3-BF4B-00C04F79EFBC}") = "1_Euler", "1_Euler\1_Euler.csproj", "{637F9CCE-E9A2-4020-8FDE-3AC5FC063408}"
EndProject
Project("{FAE04EC0-301F-11D3-BF4B-00C04F79EFBC}") = "2_Ikerprime", "2_Ikerprime\2_Ikerprime.csproj", "{D5212D8F-385C-46D3-A92C-B3233A753623}"
EndProject
Project("{FAE04EC0-301F-11D3-BF4B-00C04F79EFBC}") = "3_Szamsor", "3_Szamsor\3_Szamsor.csproj", "{2BE1C6F8-9610-430C-A430-F3A4EC85B129}"
EndProject
Project("{FAE04EC0-301F-11D3-BF4B-00C04F79EFBC}") = "4_string_array", "..\..\..\..\..\Downloads\2_gyakorlat\4_string_array\4_string_array.csproj", "{5E0B20B3-2906-4A79-B4CE-7147B692121D}"
EndProject
Project("{FAE04EC0-301F-11D3-BF4B-00C04F79EFBC}") = "5_string_matrix", "..\..\..\..\..\Downloads\2_gyakorlat\5_string_matrix\5_string_matrix.csproj", "{329456D4-9B53-4EB4-A632-299A1310E9F6}"
EndProject
Global
	GlobalSection(SolutionConfigurationPlatforms) = preSolution
		Debug|Any CPU = Debug|Any CPU
		Release|Any CPU = Release|Any CPU
	EndGlobalSection
	GlobalSection(ProjectConfigurationPlatforms) = postSolution
		{637F9CCE-E9A2-4020-8FDE-3AC5FC063408}.Debug|Any CPU.ActiveCfg = Debug|Any CPU
		{637F9CCE-E9A2-4020-8FDE-3AC5FC063408}.Debug|Any CPU.Build.0 = Debug|Any CPU
		{637F9CCE-E9A2-4020-8FDE-3AC5FC063408}.Release|Any CPU.ActiveCfg = Release|Any CPU
		{637F9CCE-E9A2-4020-8FDE-3AC5FC063408}.Release|Any CPU.Build.0 = Release|Any CPU
		{D5212D8F-385C-46D3-A92C-B3233A753623}.Debug|Any CPU.ActiveCfg = Debug|Any CPU
		{D5212D8F-385C-46D3-A92C-B3233A753623}.Debug|Any CPU.Build.0 = Debug|Any CPU
		{D5212D8F-385C-46D3-A92C-B3233A753623}.Release|Any CPU.ActiveCfg = Release|Any CPU
		{D5212D8F-385C-46D3-A92C-B3233A753623}.Release|Any CPU.Build.0 = Release|Any CPU
		{2BE1C6F8-9610-430C-A430-F3A4EC85B129}.Debug|Any CPU.ActiveCfg = Debug|Any CPU
		{2BE1C6F8-9610-430C-A430-F3A4EC85B129}.Debug|Any CPU.Build.0 = Debug|Any CPU
		{2BE1C6F8-9610-430C-A430-F3A4EC85B129}.Release|Any CPU.ActiveCfg = Release|Any CPU
		{2BE1C6F8-9610-430C-A430-F3A4EC85B129}.Release|Any CPU.Build.0 = Release|Any CPU
		{5E0B20B3-2906-4A79-B4CE-7147B692121D}.Debug|Any CPU.ActiveCfg = Debug|Any CPU
		{5E0B20B3-2906-4A79-B4CE-7147B692121D}.Debug|Any CPU.Build.0 = Debug|Any CPU
		{5E0B20B3-2906-4A79-B4CE-7147B692121D}.Release|Any CPU.ActiveCfg = Release|Any CPU
		{5E0B20B3-2906-4A79-B4CE-7147B692121D}.Release|Any CPU.Build.0 = Release|Any CPU
		{329456D4-9B53-4EB4-A632-299A1310E9F6}.Debug|Any CPU.ActiveCfg = Debug|Any CPU
		{329456D4-9B53-4EB4-A632-299A1310E9F6}.Debug|Any CPU.Build.0 = Debug|Any CPU
		{329456D4-9B53-4EB4-A632-299A1310E9F6}.Release|Any CPU.ActiveCfg = Release|Any CPU
		{329456D4-9B53-4EB4-A632-299A1310E9F6}.Release|Any CPU.Build.0 = Release|Any CPU
	EndGlobalSection
	GlobalSection(SolutionProperties) = preSolution
		HideSolutionNode = FALSE
	EndGlobalSection
	GlobalSection(ExtensibilityGlobals) = postSolution
		SolutionGuid = {2F82FD84-BA87-4708-BB07-138A56E17F00}
	EndGlobalSection
EndGlobal
