
Microsoft Visual Studio Solution File, Format Version 12.00
# Visual Studio 14
VisualStudioVersion = 14.0.25123.0
MinimumVisualStudioVersion = 10.0.40219.1
Project("{FAE04EC0-301F-11D3-BF4B-00C04F79EFBC}") = "PiSzamolo", "Sulis\PiSzamolo.csproj", "{80356948-564F-4492-9D4B-767F6A021C65}"
EndProject
Project("{FAE04EC0-301F-11D3-BF4B-00C04F79EFBC}") = "Ikerprimek", "Ikerprimek\Ikerprimek.csproj", "{AC6165BB-6979-472F-9DB7-5E002A5642CD}"
EndProject
Global
	GlobalSection(SolutionConfigurationPlatforms) = preSolution
		Debug|Any CPU = Debug|Any CPU
		Release|Any CPU = Release|Any CPU
	EndGlobalSection
	GlobalSection(ProjectConfigurationPlatforms) = postSolution
		{80356948-564F-4492-9D4B-767F6A021C65}.Debug|Any CPU.ActiveCfg = Debug|Any CPU
		{80356948-564F-4492-9D4B-767F6A021C65}.Debug|Any CPU.Build.0 = Debug|Any CPU
		{80356948-564F-4492-9D4B-767F6A021C65}.Release|Any CPU.ActiveCfg = Release|Any CPU
		{80356948-564F-4492-9D4B-767F6A021C65}.Release|Any CPU.Build.0 = Release|Any CPU
		{AC6165BB-6979-472F-9DB7-5E002A5642CD}.Debug|Any CPU.ActiveCfg = Debug|Any CPU
		{AC6165BB-6979-472F-9DB7-5E002A5642CD}.Debug|Any CPU.Build.0 = Debug|Any CPU
		{AC6165BB-6979-472F-9DB7-5E002A5642CD}.Release|Any CPU.ActiveCfg = Release|Any CPU
		{AC6165BB-6979-472F-9DB7-5E002A5642CD}.Release|Any CPU.Build.0 = Release|Any CPU
	EndGlobalSection
	GlobalSection(SolutionProperties) = preSolution
		HideSolutionNode = FALSE
	EndGlobalSection
EndGlobal
